
Microsoft Visual Studio Solution File, Format Version 12.00
# Visual Studio Version 16
VisualStudioVersion = 16.0.34601.136
MinimumVisualStudioVersion = 10.0.40219.1
Project("{FAE04EC0-301F-11D3-BF4B-00C04F79EFBC}") = "isoy-bamis", "isoy-bamis\isoy-bamis.csproj", "{B9F7563A-56B2-4F79-85F9-456CC0A90EFF}"
EndProject
Global
	GlobalSection(SolutionConfigurationPlatforms) = preSolution
		Debug|Any CPU = Debug|Any CPU
		Release|Any CPU = Release|Any CPU
	EndGlobalSection
	GlobalSection(ProjectConfigurationPlatforms) = postSolution
		{B9F7563A-56B2-4F79-85F9-456CC0A90EFF}.Debug|Any CPU.ActiveCfg = Debug|Any CPU
		{B9F7563A-56B2-4F79-85F9-456CC0A90EFF}.Debug|Any CPU.Build.0 = Debug|Any CPU
		{B9F7563A-56B2-4F79-85F9-456CC0A90EFF}.Release|Any CPU.ActiveCfg = Release|Any CPU
		{B9F7563A-56B2-4F79-85F9-456CC0A90EFF}.Release|Any CPU.Build.0 = Release|Any CPU
	EndGlobalSection
	GlobalSection(SolutionProperties) = preSolution
		HideSolutionNode = FALSE
	EndGlobalSection
	GlobalSection(ExtensibilityGlobals) = postSolution
		SolutionGuid = {8DD1F9C5-F791-45AA-90DA-B6F00D81FAED}
	EndGlobalSection
EndGlobal
